
Microsoft Visual Studio Solution File, Format Version 12.00
# Visual Studio Version 17
VisualStudioVersion = 17.0.31903.59
MinimumVisualStudioVersion = 10.0.40219.1
Project("{2150E333-8FDC-42A3-9474-1A3956D46DE8}") = "src", "src", "{827E0CD3-B72D-47B6-A68D-7590B98EB39B}"
EndProject
Project("{FAE04EC0-301F-11D3-BF4B-00C04F79EFBC}") = "Application", "src\Application\Application.csproj", "{59984A44-3D5D-4A3E-AFB0-09C84344841E}"
EndProject
Project("{FAE04EC0-301F-11D3-BF4B-00C04F79EFBC}") = "Domain", "src\Domain\Domain.csproj", "{D13293A2-D116-43D3-9923-B73F4FAACAC2}"
EndProject
Project("{FAE04EC0-301F-11D3-BF4B-00C04F79EFBC}") = "Infrastructure", "src\Infrastructure\Infrastructure.csproj", "{67E48723-AD6C-4B14-8724-70BFBA6FA9C2}"
EndProject
Project("{FAE04EC0-301F-11D3-BF4B-00C04F79EFBC}") = "Server", "src\Server\Server.csproj", "{612894B5-838C-416D-9924-0FCE4BFCFF28}"
EndProject
Global
	GlobalSection(SolutionConfigurationPlatforms) = preSolution
		Debug|Any CPU = Debug|Any CPU
		Debug|x64 = Debug|x64
		Debug|x86 = Debug|x86
		Release|Any CPU = Release|Any CPU
		Release|x64 = Release|x64
		Release|x86 = Release|x86
	EndGlobalSection
	GlobalSection(ProjectConfigurationPlatforms) = postSolution
		{59984A44-3D5D-4A3E-AFB0-09C84344841E}.Debug|Any CPU.ActiveCfg = Debug|Any CPU
		{59984A44-3D5D-4A3E-AFB0-09C84344841E}.Debug|Any CPU.Build.0 = Debug|Any CPU
		{59984A44-3D5D-4A3E-AFB0-09C84344841E}.Debug|x64.ActiveCfg = Debug|Any CPU
		{59984A44-3D5D-4A3E-AFB0-09C84344841E}.Debug|x64.Build.0 = Debug|Any CPU
		{59984A44-3D5D-4A3E-AFB0-09C84344841E}.Debug|x86.ActiveCfg = Debug|Any CPU
		{59984A44-3D5D-4A3E-AFB0-09C84344841E}.Debug|x86.Build.0 = Debug|Any CPU
		{59984A44-3D5D-4A3E-AFB0-09C84344841E}.Release|Any CPU.ActiveCfg = Release|Any CPU
		{59984A44-3D5D-4A3E-AFB0-09C84344841E}.Release|Any CPU.Build.0 = Release|Any CPU
		{59984A44-3D5D-4A3E-AFB0-09C84344841E}.Release|x64.ActiveCfg = Release|Any CPU
		{59984A44-3D5D-4A3E-AFB0-09C84344841E}.Release|x64.Build.0 = Release|Any CPU
		{59984A44-3D5D-4A3E-AFB0-09C84344841E}.Release|x86.ActiveCfg = Release|Any CPU
		{59984A44-3D5D-4A3E-AFB0-09C84344841E}.Release|x86.Build.0 = Release|Any CPU
		{D13293A2-D116-43D3-9923-B73F4FAACAC2}.Debug|Any CPU.ActiveCfg = Debug|Any CPU
		{D13293A2-D116-43D3-9923-B73F4FAACAC2}.Debug|Any CPU.Build.0 = Debug|Any CPU
		{D13293A2-D116-43D3-9923-B73F4FAACAC2}.Debug|x64.ActiveCfg = Debug|Any CPU
		{D13293A2-D116-43D3-9923-B73F4FAACAC2}.Debug|x64.Build.0 = Debug|Any CPU
		{D13293A2-D116-43D3-9923-B73F4FAACAC2}.Debug|x86.ActiveCfg = Debug|Any CPU
		{D13293A2-D116-43D3-9923-B73F4FAACAC2}.Debug|x86.Build.0 = Debug|Any CPU
		{D13293A2-D116-43D3-9923-B73F4FAACAC2}.Release|Any CPU.ActiveCfg = Release|Any CPU
		{D13293A2-D116-43D3-9923-B73F4FAACAC2}.Release|Any CPU.Build.0 = Release|Any CPU
		{D13293A2-D116-43D3-9923-B73F4FAACAC2}.Release|x64.ActiveCfg = Release|Any CPU
		{D13293A2-D116-43D3-9923-B73F4FAACAC2}.Release|x64.Build.0 = Release|Any CPU
		{D13293A2-D116-43D3-9923-B73F4FAACAC2}.Release|x86.ActiveCfg = Release|Any CPU
		{D13293A2-D116-43D3-9923-B73F4FAACAC2}.Release|x86.Build.0 = Release|Any CPU
		{67E48723-AD6C-4B14-8724-70BFBA6FA9C2}.Debug|Any CPU.ActiveCfg = Debug|Any CPU
		{67E48723-AD6C-4B14-8724-70BFBA6FA9C2}.Debug|Any CPU.Build.0 = Debug|Any CPU
		{67E48723-AD6C-4B14-8724-70BFBA6FA9C2}.Debug|x64.ActiveCfg = Debug|Any CPU
		{67E48723-AD6C-4B14-8724-70BFBA6FA9C2}.Debug|x64.Build.0 = Debug|Any CPU
		{67E48723-AD6C-4B14-8724-70BFBA6FA9C2}.Debug|x86.ActiveCfg = Debug|Any CPU
		{67E48723-AD6C-4B14-8724-70BFBA6FA9C2}.Debug|x86.Build.0 = Debug|Any CPU
		{67E48723-AD6C-4B14-8724-70BFBA6FA9C2}.Release|Any CPU.ActiveCfg = Release|Any CPU
		{67E48723-AD6C-4B14-8724-70BFBA6FA9C2}.Release|Any CPU.Build.0 = Release|Any CPU
		{67E48723-AD6C-4B14-8724-70BFBA6FA9C2}.Release|x64.ActiveCfg = Release|Any CPU
		{67E48723-AD6C-4B14-8724-70BFBA6FA9C2}.Release|x64.Build.0 = Release|Any CPU
		{67E48723-AD6C-4B14-8724-70BFBA6FA9C2}.Release|x86.ActiveCfg = Release|Any CPU
		{67E48723-AD6C-4B14-8724-70BFBA6FA9C2}.Release|x86.Build.0 = Release|Any CPU
		{612894B5-838C-416D-9924-0FCE4BFCFF28}.Debug|Any CPU.ActiveCfg = Debug|Any CPU
		{612894B5-838C-416D-9924-0FCE4BFCFF28}.Debug|Any CPU.Build.0 = Debug|Any CPU
		{612894B5-838C-416D-9924-0FCE4BFCFF28}.Debug|x64.ActiveCfg = Debug|Any CPU
		{612894B5-838C-416D-9924-0FCE4BFCFF28}.Debug|x64.Build.0 = Debug|Any CPU
		{612894B5-838C-416D-9924-0FCE4BFCFF28}.Debug|x86.ActiveCfg = Debug|Any CPU
		{612894B5-838C-416D-9924-0FCE4BFCFF28}.Debug|x86.Build.0 = Debug|Any CPU
		{612894B5-838C-416D-9924-0FCE4BFCFF28}.Release|Any CPU.ActiveCfg = Release|Any CPU
		{612894B5-838C-416D-9924-0FCE4BFCFF28}.Release|Any CPU.Build.0 = Release|Any CPU
		{612894B5-838C-416D-9924-0FCE4BFCFF28}.Release|x64.ActiveCfg = Release|Any CPU
		{612894B5-838C-416D-9924-0FCE4BFCFF28}.Release|x64.Build.0 = Release|Any CPU
		{612894B5-838C-416D-9924-0FCE4BFCFF28}.Release|x86.ActiveCfg = Release|Any CPU
		{612894B5-838C-416D-9924-0FCE4BFCFF28}.Release|x86.Build.0 = Release|Any CPU
	EndGlobalSection
	GlobalSection(SolutionProperties) = preSolution
		HideSolutionNode = FALSE
	EndGlobalSection
	GlobalSection(NestedProjects) = preSolution
		{59984A44-3D5D-4A3E-AFB0-09C84344841E} = {827E0CD3-B72D-47B6-A68D-7590B98EB39B}
		{D13293A2-D116-43D3-9923-B73F4FAACAC2} = {827E0CD3-B72D-47B6-A68D-7590B98EB39B}
		{67E48723-AD6C-4B14-8724-70BFBA6FA9C2} = {827E0CD3-B72D-47B6-A68D-7590B98EB39B}
		{612894B5-838C-416D-9924-0FCE4BFCFF28} = {827E0CD3-B72D-47B6-A68D-7590B98EB39B}
	EndGlobalSection
EndGlobal
